{
  "name": "eee",
  "version": "0.1.0",
  "lockfileVersion": 1,
  "requires": true,
  "dependencies": {
    "emoji-regex": {
      "version": "7.0.0",
      "resolved": "https://registry.npmjs.org/emoji-regex/-/emoji-regex-7.0.0.tgz",
      "integrity": "sha512-lnvttkzAlYW8WpFPiStPWyd/YdS02cFsYwXwWqnbKY43fMgUeUx+vzW1Zaozu34n4Fm7sxygi8+SEL6dcks/hQ=="
    },
    "emoji-text": {
      "version": "0.2.6",
      "resolved": "https://registry.npmjs.org/emoji-text/-/emoji-text-0.2.6.tgz",
      "integrity": "sha1-kx6DOpj6zJSfPYBX3IqENjyLuPg=",
      "requires": {
        "wemoji": "0.1.9"
      }
    },
    "wemoji": {
      "version": "0.1.9",
      "resolved": "https://registry.npmjs.org/wemoji/-/wemoji-0.1.9.tgz",
      "integrity": "sha1-QHSo2p6CdWVNwfKwVe3x3A2wM0I="
    }
  }
}
